
Microsoft Visual Studio Solution File, Format Version 12.00
# Visual Studio Version 17
VisualStudioVersion = 17.5.33414.496
MinimumVisualStudioVersion = 10.0.40219.1
Project("{FAE04EC0-301F-11D3-BF4B-00C04F79EFBC}") = "desafiocuatro", "desafiocuatro.csproj", "{E43EE6D2-5495-4759-AF5C-BB51FCEE8C61}"
EndProject
Global
	GlobalSection(SolutionConfigurationPlatforms) = preSolution
		Debug|Any CPU = Debug|Any CPU
		Release|Any CPU = Release|Any CPU
	EndGlobalSection
	GlobalSection(ProjectConfigurationPlatforms) = postSolution
		{E43EE6D2-5495-4759-AF5C-BB51FCEE8C61}.Debug|Any CPU.ActiveCfg = Debug|Any CPU
		{E43EE6D2-5495-4759-AF5C-BB51FCEE8C61}.Debug|Any CPU.Build.0 = Debug|Any CPU
		{E43EE6D2-5495-4759-AF5C-BB51FCEE8C61}.Release|Any CPU.ActiveCfg = Release|Any CPU
		{E43EE6D2-5495-4759-AF5C-BB51FCEE8C61}.Release|Any CPU.Build.0 = Release|Any CPU
	EndGlobalSection
	GlobalSection(SolutionProperties) = preSolution
		HideSolutionNode = FALSE
	EndGlobalSection
	GlobalSection(ExtensibilityGlobals) = postSolution
		SolutionGuid = {388036F0-EE1F-4F3A-8067-E170AC15F168}
	EndGlobalSection
EndGlobal
