
Microsoft Visual Studio Solution File, Format Version 12.00
# Visual Studio Version 17
VisualStudioVersion = 17.5.33414.496
MinimumVisualStudioVersion = 10.0.40219.1
Project("{FAE04EC0-301F-11D3-BF4B-00C04F79EFBC}") = "desafio3", "desafio3.csproj", "{7CC66AC0-3844-4E8C-A343-68B5A6FD612E}"
EndProject
Global
	GlobalSection(SolutionConfigurationPlatforms) = preSolution
		Debug|Any CPU = Debug|Any CPU
		Release|Any CPU = Release|Any CPU
	EndGlobalSection
	GlobalSection(ProjectConfigurationPlatforms) = postSolution
		{7CC66AC0-3844-4E8C-A343-68B5A6FD612E}.Debug|Any CPU.ActiveCfg = Debug|Any CPU
		{7CC66AC0-3844-4E8C-A343-68B5A6FD612E}.Debug|Any CPU.Build.0 = Debug|Any CPU
		{7CC66AC0-3844-4E8C-A343-68B5A6FD612E}.Release|Any CPU.ActiveCfg = Release|Any CPU
		{7CC66AC0-3844-4E8C-A343-68B5A6FD612E}.Release|Any CPU.Build.0 = Release|Any CPU
	EndGlobalSection
	GlobalSection(SolutionProperties) = preSolution
		HideSolutionNode = FALSE
	EndGlobalSection
	GlobalSection(ExtensibilityGlobals) = postSolution
		SolutionGuid = {D410065C-D811-4BAD-929B-A42CF8F937B4}
	EndGlobalSection
EndGlobal
